// !$*UTF8*$!
{
	archiveVersion = 1;
	classes = {
	};
	objectVersion = 46;
	objects = {

/* Begin PBXBuildFile section */
		8E0464AE1F2F207F0040BCC0 /* MusicView.swift in Sources */ = {isa = PBXBuildFile; fileRef = 8E0464AD1F2F207F0040BCC0 /* MusicView.swift */; };
		8E4F3CEF1F312DF7008CFF04 /* SpotifyLocalAPI.swift in Sources */ = {isa = PBXBuildFile; fileRef = 8E4F3CEE1F312DF7008CFF04 /* SpotifyLocalAPI.swift */; };
		8E5DADF41F32A94E0042E6F3 /* SpotifySliderCell.swift in Sources */ = {isa = PBXBuildFile; fileRef = 8E5DADF31F32A94E0042E6F3 /* SpotifySliderCell.swift */; };
		8E5DADF61F3992800042E6F3 /* Util.swift in Sources */ = {isa = PBXBuildFile; fileRef = 8E5DADF51F3992800042E6F3 /* Util.swift */; };
		8EA2AE2F1E551C4E00E5FDA4 /* AppDelegate.swift in Sources */ = {isa = PBXBuildFile; fileRef = 8EA2AE2E1E551C4E00E5FDA4 /* AppDelegate.swift */; };
		8EA2AE311E551C4E00E5FDA4 /* Assets.xcassets in Resources */ = {isa = PBXBuildFile; fileRef = 8EA2AE301E551C4E00E5FDA4 /* Assets.xcassets */; };
		8EA2AE341E551C4E00E5FDA4 /* MainMenu.xib in Resources */ = {isa = PBXBuildFile; fileRef = 8EA2AE321E551C4E00E5FDA4 /* MainMenu.xib */; };
		8EA2AE401E55247100E5FDA4 /* StatusMenuController.swift in Sources */ = {isa = PBXBuildFile; fileRef = 8EA2AE3F1E55247100E5FDA4 /* StatusMenuController.swift */; };
/* End PBXBuildFile section */

/* Begin PBXFileReference section */
		8E0464AD1F2F207F0040BCC0 /* MusicView.swift */ = {isa = PBXFileReference; fileEncoding = 4; lastKnownFileType = sourcecode.swift; path = MusicView.swift; sourceTree = "<group>"; };
		8E4F3CEE1F312DF7008CFF04 /* SpotifyLocalAPI.swift */ = {isa = PBXFileReference; fileEncoding = 4; lastKnownFileType = sourcecode.swift; path = SpotifyLocalAPI.swift; sourceTree = "<group>"; };
		8E5DADF31F32A94E0042E6F3 /* SpotifySliderCell.swift */ = {isa = PBXFileReference; fileEncoding = 4; lastKnownFileType = sourcecode.swift; path = SpotifySliderCell.swift; sourceTree = "<group>"; };
		8E5DADF51F3992800042E6F3 /* Util.swift */ = {isa = PBXFileReference; fileEncoding = 4; lastKnownFileType = sourcecode.swift; path = Util.swift; sourceTree = "<group>"; };
		8EA2AE2B1E551C4E00E5FDA4 /* MiniSpotify.app */ = {isa = PBXFileReference; explicitFileType = wrapper.application; includeInIndex = 0; path = MiniSpotify.app; sourceTree = BUILT_PRODUCTS_DIR; };
		8EA2AE2E1E551C4E00E5FDA4 /* AppDelegate.swift */ = {isa = PBXFileReference; lastKnownFileType = sourcecode.swift; path = AppDelegate.swift; sourceTree = "<group>"; };
		8EA2AE301E551C4E00E5FDA4 /* Assets.xcassets */ = {isa = PBXFileReference; lastKnownFileType = folder.assetcatalog; path = Assets.xcassets; sourceTree = "<group>"; };
		8EA2AE331E551C4E00E5FDA4 /* Base */ = {isa = PBXFileReference; lastKnownFileType = file.xib; name = Base; path = Base.lproj/MainMenu.xib; sourceTree = "<group>"; };
		8EA2AE351E551C4E00E5FDA4 /* Info.plist */ = {isa = PBXFileReference; lastKnownFileType = text.plist.xml; path = Info.plist; sourceTree = "<group>"; };
		8EA2AE3F1E55247100E5FDA4 /* StatusMenuController.swift */ = {isa = PBXFileReference; fileEncoding = 4; lastKnownFileType = sourcecode.swift; path = StatusMenuController.swift; sourceTree = "<group>"; };
/* End PBXFileReference section */

/* Begin PBXFrameworksBuildPhase section */
		8EA2AE281E551C4E00E5FDA4 /* Frameworks */ = {
			isa = PBXFrameworksBuildPhase;
			buildActionMask = 2147483647;
			files = (
			);
			runOnlyForDeploymentPostprocessing = 0;
		};
/* End PBXFrameworksBuildPhase section */

/* Begin PBXGroup section */
		8EA2AE221E551C4D00E5FDA4 = {
			isa = PBXGroup;
			children = (
				8EA2AE2D1E551C4E00E5FDA4 /* MiniSpotify */,
				8EA2AE2C1E551C4E00E5FDA4 /* Products */,
			);
			sourceTree = "<group>";
		};
		8EA2AE2C1E551C4E00E5FDA4 /* Products */ = {
			isa = PBXGroup;
			children = (
				8EA2AE2B1E551C4E00E5FDA4 /* MiniSpotify.app */,
			);
			name = Products;
			sourceTree = "<group>";
		};
		8EA2AE2D1E551C4E00E5FDA4 /* MiniSpotify */ = {
			isa = PBXGroup;
			children = (
				8EA2AE2E1E551C4E00E5FDA4 /* AppDelegate.swift */,
				8EA2AE301E551C4E00E5FDA4 /* Assets.xcassets */,
				8EA2AE321E551C4E00E5FDA4 /* MainMenu.xib */,
				8E0464AD1F2F207F0040BCC0 /* MusicView.swift */,
				8EA2AE3F1E55247100E5FDA4 /* StatusMenuController.swift */,
				8EA2AE351E551C4E00E5FDA4 /* Info.plist */,
				8E4F3CEE1F312DF7008CFF04 /* SpotifyLocalAPI.swift */,
				8E5DADF31F32A94E0042E6F3 /* SpotifySliderCell.swift */,
				8E5DADF51F3992800042E6F3 /* Util.swift */,
			);
			path = MiniSpotify;
			sourceTree = "<group>";
		};
/* End PBXGroup section */

/* Begin PBXNativeTarget section */
		8EA2AE2A1E551C4E00E5FDA4 /* MiniSpotify */ = {
			isa = PBXNativeTarget;
			buildConfigurationList = 8EA2AE381E551C4E00E5FDA4 /* Build configuration list for PBXNativeTarget "MiniSpotify" */;
			buildPhases = (
				8EA2AE271E551C4E00E5FDA4 /* Sources */,
				8EA2AE281E551C4E00E5FDA4 /* Frameworks */,
				8EA2AE291E551C4E00E5FDA4 /* Resources */,
			);
			buildRules = (
			);
			dependencies = (
			);
			name = MiniSpotify;
			productName = MiniSpotify;
			productReference = 8EA2AE2B1E551C4E00E5FDA4 /* MiniSpotify.app */;
			productType = "com.apple.product-type.application";
		};
/* End PBXNativeTarget section */

/* Begin PBXProject section */
		8EA2AE231E551C4D00E5FDA4 /* Project object */ = {
			isa = PBXProject;
			attributes = {
				LastSwiftUpdateCheck = 0810;
				LastUpgradeCheck = 0810;
				ORGANIZATIONNAME = "Farbod Rafezy";
				TargetAttributes = {
					8EA2AE2A1E551C4E00E5FDA4 = {
						CreatedOnToolsVersion = 8.1;
						ProvisioningStyle = Automatic;
					};
				};
			};
			buildConfigurationList = 8EA2AE261E551C4D00E5FDA4 /* Build configuration list for PBXProject "MiniSpotify" */;
			compatibilityVersion = "Xcode 3.2";
			developmentRegion = English;
			hasScannedForEncodings = 0;
			knownRegions = (
				en,
				Base,
			);
			mainGroup = 8EA2AE221E551C4D00E5FDA4;
			productRefGroup = 8EA2AE2C1E551C4E00E5FDA4 /* Products */;
			projectDirPath = "";
			projectRoot = "";
			targets = (
				8EA2AE2A1E551C4E00E5FDA4 /* MiniSpotify */,
			);
		};
/* End PBXProject section */

/* Begin PBXResourcesBuildPhase section */
		8EA2AE291E551C4E00E5FDA4 /* Resources */ = {
			isa = PBXResourcesBuildPhase;
			buildActionMask = 2147483647;
			files = (
				8EA2AE311E551C4E00E5FDA4 /* Assets.xcassets in Resources */,
				8EA2AE341E551C4E00E5FDA4 /* MainMenu.xib in Resources */,
			);
			runOnlyForDeploymentPostprocessing = 0;
		};
/* End PBXResourcesBuildPhase section */

/* Begin PBXSourcesBuildPhase section */
		8EA2AE271E551C4E00E5FDA4 /* Sources */ = {
			isa = PBXSourcesBuildPhase;
			buildActionMask = 2147483647;
			files = (
				8EA2AE401E55247100E5FDA4 /* StatusMenuController.swift in Sources */,
				8E5DADF61F3992800042E6F3 /* Util.swift in Sources */,
				8E0464AE1F2F207F0040BCC0 /* MusicView.swift in Sources */,
				8E5DADF41F32A94E0042E6F3 /* SpotifySliderCell.swift in Sources */,
				8EA2AE2F1E551C4E00E5FDA4 /* AppDelegate.swift in Sources */,
				8E4F3CEF1F312DF7008CFF04 /* SpotifyLocalAPI.swift in Sources */,
			);
			runOnlyForDeploymentPostprocessing = 0;
		};
/* End PBXSourcesBuildPhase section */

/* Begin PBXVariantGroup section */
		8EA2AE321E551C4E00E5FDA4 /* MainMenu.xib */ = {
			isa = PBXVariantGroup;
			children = (
				8EA2AE331E551C4E00E5FDA4 /* Base */,
			);
			name = MainMenu.xib;
			sourceTree = "<group>";
		};
/* End PBXVariantGroup section */

/* Begin XCBuildConfiguration section */
		8EA2AE361E551C4E00E5FDA4 /* Debug */ = {
			isa = XCBuildConfiguration;
			buildSettings = {
				ALWAYS_SEARCH_USER_PATHS = NO;
				CLANG_ANALYZER_NONNULL = YES;
				CLANG_CXX_LANGUAGE_STANDARD = "gnu++0x";
				CLANG_CXX_LIBRARY = "libc++";
				CLANG_ENABLE_MODULES = YES;
				CLANG_ENABLE_OBJC_ARC = YES;
				CLANG_WARN_BOOL_CONVERSION = YES;
				CLANG_WARN_CONSTANT_CONVERSION = YES;
				CLANG_WARN_DIRECT_OBJC_ISA_USAGE = YES_ERROR;
				CLANG_WARN_DOCUMENTATION_COMMENTS = YES;
				CLANG_WARN_EMPTY_BODY = YES;
				CLANG_WARN_ENUM_CONVERSION = YES;
				CLANG_WARN_INFINITE_RECURSION = YES;
				CLANG_WARN_INT_CONVERSION = YES;
				CLANG_WARN_OBJC_ROOT_CLASS = YES_ERROR;
				CLANG_WARN_SUSPICIOUS_MOVES = YES;
				CLANG_WARN_UNREACHABLE_CODE = YES;
				CLANG_WARN__DUPLICATE_METHOD_MATCH = YES;
				CODE_SIGN_IDENTITY = "-";
				COPY_PHASE_STRIP = NO;
				DEBUG_INFORMATION_FORMAT = dwarf;
				ENABLE_STRICT_OBJC_MSGSEND = YES;
				ENABLE_TESTABILITY = YES;
				GCC_C_LANGUAGE_STANDARD = gnu99;
				GCC_DYNAMIC_NO_PIC = NO;
				GCC_NO_COMMON_BLOCKS = YES;
				GCC_OPTIMIZATION_LEVEL = 0;
				GCC_PREPROCESSOR_DEFINITIONS = (
					"DEBUG=1",
					"$(inherited)",
				);
				GCC_WARN_64_TO_32_BIT_CONVERSION = YES;
				GCC_WARN_ABOUT_RETURN_TYPE = YES_ERROR;
				GCC_WARN_UNDECLARED_SELECTOR = YES;
				GCC_WARN_UNINITIALIZED_AUTOS = YES_AGGRESSIVE;
				GCC_WARN_UNUSED_FUNCTION = YES;
				GCC_WARN_UNUSED_VARIABLE = YES;
				MACOSX_DEPLOYMENT_TARGET = 10.11;
				MTL_ENABLE_DEBUG_INFO = YES;
				ONLY_ACTIVE_ARCH = YES;
				SDKROOT = macosx;
				SWIFT_ACTIVE_COMPILATION_CONDITIONS = DEBUG;
				SWIFT_OPTIMIZATION_LEVEL = "-Onone";
			};
			name = Debug;
		};
		8EA2AE371E551C4E00E5FDA4 /* Release */ = {
			isa = XCBuildConfiguration;
			buildSettings = {
				ALWAYS_SEARCH_USER_PATHS = NO;
				CLANG_ANALYZER_NONNULL = YES;
				CLANG_CXX_LANGUAGE_STANDARD = "gnu++0x";
				CLANG_CXX_LIBRARY = "libc++";
				CLANG_ENABLE_MODULES = YES;
				CLANG_ENABLE_OBJC_ARC = YES;
				CLANG_WARN_BOOL_CONVERSION = YES;
				CLANG_WARN_CONSTANT_CONVERSION = YES;
				CLANG_WARN_DIRECT_OBJC_ISA_USAGE = YES_ERROR;
				CLANG_WARN_DOCUMENTATION_COMMENTS = YES;
				CLANG_WARN_EMPTY_BODY = YES;
				CLANG_WARN_ENUM_CONVERSION = YES;
				CLANG_WARN_INFINITE_RECURSION = YES;
				CLANG_WARN_INT_CONVERSION = YES;
				CLANG_WARN_OBJC_ROOT_CLASS = YES_ERROR;
				CLANG_WARN_SUSPICIOUS_MOVES = YES;
				CLANG_WARN_UNREACHABLE_CODE = YES;
				CLANG_WARN__DUPLICATE_METHOD_MATCH = YES;
				CODE_SIGN_IDENTITY = "-";
				COPY_PHASE_STRIP = NO;
				DEBUG_INFORMATION_FORMAT = "dwarf-with-dsym";
				ENABLE_NS_ASSERTIONS = NO;
				ENABLE_STRICT_OBJC_MSGSEND = YES;
				GCC_C_LANGUAGE_STANDARD = gnu99;
				GCC_NO_COMMON_BLOCKS = YES;
				GCC_WARN_64_TO_32_BIT_CONVERSION = YES;
				GCC_WARN_ABOUT_RETURN_TYPE = YES_ERROR;
				GCC_WARN_UNDECLARED_SELECTOR = YES;
				GCC_WARN_UNINITIALIZED_AUTOS = YES_AGGRESSIVE;
				GCC_WARN_UNUSED_FUNCTION = YES;
				GCC_WARN_UNUSED_VARIABLE = YES;
				MACOSX_DEPLOYMENT_TARGET = 10.11;
				MTL_ENABLE_DEBUG_INFO = NO;
				SDKROOT = macosx;
				SWIFT_OPTIMIZATION_LEVEL = "-Owholemodule";
			};
			name = Release;
		};
		8EA2AE391E551C4E00E5FDA4 /* Debug */ = {
			isa = XCBuildConfiguration;
			buildSettings = {
				ASSETCATALOG_COMPILER_APPICON_NAME = AppIcon;
				COMBINE_HIDPI_IMAGES = YES;
				INFOPLIST_FILE = MiniSpotify/Info.plist;
				LD_RUNPATH_SEARCH_PATHS = "$(inherited) @executable_path/../Frameworks";
				PRODUCT_BUNDLE_IDENTIFIER = com.farbodrafezy.MiniSpotify;
				PRODUCT_NAME = "$(TARGET_NAME)";
				SWIFT_VERSION = 3.0;
			};
			name = Debug;
		};
		8EA2AE3A1E551C4E00E5FDA4 /* Release */ = {
			isa = XCBuildConfiguration;
			buildSettings = {
				ASSETCATALOG_COMPILER_APPICON_NAME = AppIcon;
				COMBINE_HIDPI_IMAGES = YES;
				INFOPLIST_FILE = MiniSpotify/Info.plist;
				LD_RUNPATH_SEARCH_PATHS = "$(inherited) @executable_path/../Frameworks";
				PRODUCT_BUNDLE_IDENTIFIER = com.farbodrafezy.MiniSpotify;
				PRODUCT_NAME = "$(TARGET_NAME)";
				SWIFT_VERSION = 3.0;
			};
			name = Release;
		};
/* End XCBuildConfiguration section */

/* Begin XCConfigurationList section */
		8EA2AE261E551C4D00E5FDA4 /* Build configuration list for PBXProject "MiniSpotify" */ = {
			isa = XCConfigurationList;
			buildConfigurations = (
				8EA2AE361E551C4E00E5FDA4 /* Debug */,
				8EA2AE371E551C4E00E5FDA4 /* Release */,
			);
			defaultConfigurationIsVisible = 0;
			defaultConfigurationName = Release;
		};
		8EA2AE381E551C4E00E5FDA4 /* Build configuration list for PBXNativeTarget "MiniSpotify" */ = {
			isa = XCConfigurationList;
			buildConfigurations = (
				8EA2AE391E551C4E00E5FDA4 /* Debug */,
				8EA2AE3A1E551C4E00E5FDA4 /* Release */,
			);
			defaultConfigurationIsVisible = 0;
			defaultConfigurationName = Release;
		};
/* End XCConfigurationList section */
	};
	rootObject = 8EA2AE231E551C4D00E5FDA4 /* Project object */;
}
